// !$*UTF8*$!
{
	archiveVersion = 1;
	classes = {
	};
	objectVersion = 56;
	objects = {

/* Begin PBXBuildFile section */
		44459C802AC1648200630E4F /* AppDelegate.swift in Sources */ = {isa = PBXBuildFile; fileRef = 44459C7F2AC1648200630E4F /* AppDelegate.swift */; };
		44459C822AC1648200630E4F /* SceneDelegate.swift in Sources */ = {isa = PBXBuildFile; fileRef = 44459C812AC1648200630E4F /* SceneDelegate.swift */; };
		44459C842AC1648200630E4F /* ViewController.swift in Sources */ = {isa = PBXBuildFile; fileRef = 44459C832AC1648200630E4F /* ViewController.swift */; };
		44459C872AC1648200630E4F /* Main.storyboard in Resources */ = {isa = PBXBuildFile; fileRef = 44459C852AC1648200630E4F /* Main.storyboard */; };
		44459C892AC1648400630E4F /* Assets.xcassets in Resources */ = {isa = PBXBuildFile; fileRef = 44459C882AC1648400630E4F /* Assets.xcassets */; };
		44459C8C2AC1648400630E4F /* LaunchScreen.storyboard in Resources */ = {isa = PBXBuildFile; fileRef = 44459C8A2AC1648400630E4F /* LaunchScreen.storyboard */; };
		44459C972AC1648400630E4F /* ViewControllerTests.swift in Sources */ = {isa = PBXBuildFile; fileRef = 44459C962AC1648400630E4F /* ViewControllerTests.swift */; };
		44459CA12AC1648400630E4F /* ViewControllerUITests.swift in Sources */ = {isa = PBXBuildFile; fileRef = 44459CA02AC1648400630E4F /* ViewControllerUITests.swift */; };
		44459CA32AC1648400630E4F /* ViewControllerUITestsLaunchTests.swift in Sources */ = {isa = PBXBuildFile; fileRef = 44459CA22AC1648400630E4F /* ViewControllerUITestsLaunchTests.swift */; };
/* End PBXBuildFile section */

/* Begin PBXContainerItemProxy section */
		44459C932AC1648400630E4F /* PBXContainerItemProxy */ = {
			isa = PBXContainerItemProxy;
			containerPortal = 44459C742AC1648200630E4F /* Project object */;
			proxyType = 1;
			remoteGlobalIDString = 44459C7B2AC1648200630E4F;
			remoteInfo = ViewController;
		};
		44459C9D2AC1648400630E4F /* PBXContainerItemProxy */ = {
			isa = PBXContainerItemProxy;
			containerPortal = 44459C742AC1648200630E4F /* Project object */;
			proxyType = 1;
			remoteGlobalIDString = 44459C7B2AC1648200630E4F;
			remoteInfo = ViewController;
		};
/* End PBXContainerItemProxy section */

/* Begin PBXFileReference section */
		44459C7C2AC1648200630E4F /* ViewController.app */ = {isa = PBXFileReference; explicitFileType = wrapper.application; includeInIndex = 0; path = ViewController.app; sourceTree = BUILT_PRODUCTS_DIR; };
		44459C7F2AC1648200630E4F /* AppDelegate.swift */ = {isa = PBXFileReference; lastKnownFileType = sourcecode.swift; path = AppDelegate.swift; sourceTree = "<group>"; };
		44459C812AC1648200630E4F /* SceneDelegate.swift */ = {isa = PBXFileReference; lastKnownFileType = sourcecode.swift; path = SceneDelegate.swift; sourceTree = "<group>"; };
		44459C832AC1648200630E4F /* ViewController.swift */ = {isa = PBXFileReference; lastKnownFileType = sourcecode.swift; path = ViewController.swift; sourceTree = "<group>"; };
		44459C862AC1648200630E4F /* Base */ = {isa = PBXFileReference; lastKnownFileType = file.storyboard; name = Base; path = Base.lproj/Main.storyboard; sourceTree = "<group>"; };
		44459C882AC1648400630E4F /* Assets.xcassets */ = {isa = PBXFileReference; lastKnownFileType = folder.assetcatalog; path = Assets.xcassets; sourceTree = "<group>"; };
		44459C8B2AC1648400630E4F /* Base */ = {isa = PBXFileReference; lastKnownFileType = file.storyboard; name = Base; path = Base.lproj/LaunchScreen.storyboard; sourceTree = "<group>"; };
		44459C8D2AC1648400630E4F /* Info.plist */ = {isa = PBXFileReference; lastKnownFileType = text.plist.xml; path = Info.plist; sourceTree = "<group>"; };
		44459C922AC1648400630E4F /* ViewControllerTests.xctest */ = {isa = PBXFileReference; explicitFileType = wrapper.cfbundle; includeInIndex = 0; path = ViewControllerTests.xctest; sourceTree = BUILT_PRODUCTS_DIR; };
		44459C962AC1648400630E4F /* ViewControllerTests.swift */ = {isa = PBXFileReference; lastKnownFileType = sourcecode.swift; path = ViewControllerTests.swift; sourceTree = "<group>"; };
		44459C9C2AC1648400630E4F /* ViewControllerUITests.xctest */ = {isa = PBXFileReference; explicitFileType = wrapper.cfbundle; includeInIndex = 0; path = ViewControllerUITests.xctest; sourceTree = BUILT_PRODUCTS_DIR; };
		44459CA02AC1648400630E4F /* ViewControllerUITests.swift */ = {isa = PBXFileReference; lastKnownFileType = sourcecode.swift; path = ViewControllerUITests.swift; sourceTree = "<group>"; };
		44459CA22AC1648400630E4F /* ViewControllerUITestsLaunchTests.swift */ = {isa = PBXFileReference; lastKnownFileType = sourcecode.swift; path = ViewControllerUITestsLaunchTests.swift; sourceTree = "<group>"; };
/* End PBXFileReference section */

/* Begin PBXFrameworksBuildPhase section */
		44459C792AC1648200630E4F /* Frameworks */ = {
			isa = PBXFrameworksBuildPhase;
			buildActionMask = 2147483647;
			files = (
			);
			runOnlyForDeploymentPostprocessing = 0;
		};
		44459C8F2AC1648400630E4F /* Frameworks */ = {
			isa = PBXFrameworksBuildPhase;
			buildActionMask = 2147483647;
			files = (
			);
			runOnlyForDeploymentPostprocessing = 0;
		};
		44459C992AC1648400630E4F /* Frameworks */ = {
			isa = PBXFrameworksBuildPhase;
			buildActionMask = 2147483647;
			files = (
			);
			runOnlyForDeploymentPostprocessing = 0;
		};
/* End PBXFrameworksBuildPhase section */

/* Begin PBXGroup section */
		44459C732AC1648200630E4F = {
			isa = PBXGroup;
			children = (
				44459C7E2AC1648200630E4F /* ViewController */,
				44459C952AC1648400630E4F /* ViewControllerTests */,
				44459C9F2AC1648400630E4F /* ViewControllerUITests */,
				44459C7D2AC1648200630E4F /* Products */,
			);
			sourceTree = "<group>";
		};
		44459C7D2AC1648200630E4F /* Products */ = {
			isa = PBXGroup;
			children = (
				44459C7C2AC1648200630E4F /* ViewController.app */,
				44459C922AC1648400630E4F /* ViewControllerTests.xctest */,
				44459C9C2AC1648400630E4F /* ViewControllerUITests.xctest */,
			);
			name = Products;
			sourceTree = "<group>";
		};
		44459C7E2AC1648200630E4F /* ViewController */ = {
			isa = PBXGroup;
			children = (
				44459C7F2AC1648200630E4F /* AppDelegate.swift */,
				44459C812AC1648200630E4F /* SceneDelegate.swift */,
				44459C832AC1648200630E4F /* ViewController.swift */,
				44459C852AC1648200630E4F /* Main.storyboard */,
				44459C882AC1648400630E4F /* Assets.xcassets */,
				44459C8A2AC1648400630E4F /* LaunchScreen.storyboard */,
				44459C8D2AC1648400630E4F /* Info.plist */,
			);
			path = ViewController;
			sourceTree = "<group>";
		};
		44459C952AC1648400630E4F /* ViewControllerTests */ = {
			isa = PBXGroup;
			children = (
				44459C962AC1648400630E4F /* ViewControllerTests.swift */,
			);
			path = ViewControllerTests;
			sourceTree = "<group>";
		};
		44459C9F2AC1648400630E4F /* ViewControllerUITests */ = {
			isa = PBXGroup;
			children = (
				44459CA02AC1648400630E4F /* ViewControllerUITests.swift */,
				44459CA22AC1648400630E4F /* ViewControllerUITestsLaunchTests.swift */,
			);
			path = ViewControllerUITests;
			sourceTree = "<group>";
		};
/* End PBXGroup section */

/* Begin PBXNativeTarget section */
		44459C7B2AC1648200630E4F /* ViewController */ = {
			isa = PBXNativeTarget;
			buildConfigurationList = 44459CA62AC1648400630E4F /* Build configuration list for PBXNativeTarget "ViewController" */;
			buildPhases = (
				44459C782AC1648200630E4F /* Sources */,
				44459C792AC1648200630E4F /* Frameworks */,
				44459C7A2AC1648200630E4F /* Resources */,
			);
			buildRules = (
			);
			dependencies = (
			);
			name = ViewController;
			productName = ViewController;
			productReference = 44459C7C2AC1648200630E4F /* ViewController.app */;
			productType = "com.apple.product-type.application";
		};
		44459C912AC1648400630E4F /* ViewControllerTests */ = {
			isa = PBXNativeTarget;
			buildConfigurationList = 44459CA92AC1648400630E4F /* Build configuration list for PBXNativeTarget "ViewControllerTests" */;
			buildPhases = (
				44459C8E2AC1648400630E4F /* Sources */,
				44459C8F2AC1648400630E4F /* Frameworks */,
				44459C902AC1648400630E4F /* Resources */,
			);
			buildRules = (
			);
			dependencies = (
				44459C942AC1648400630E4F /* PBXTargetDependency */,
			);
			name = ViewControllerTests;
			productName = ViewControllerTests;
			productReference = 44459C922AC1648400630E4F /* ViewControllerTests.xctest */;
			productType = "com.apple.product-type.bundle.unit-test";
		};
		44459C9B2AC1648400630E4F /* ViewControllerUITests */ = {
			isa = PBXNativeTarget;
			buildConfigurationList = 44459CAC2AC1648400630E4F /* Build configuration list for PBXNativeTarget "ViewControllerUITests" */;
			buildPhases = (
				44459C982AC1648400630E4F /* Sources */,
				44459C992AC1648400630E4F /* Frameworks */,
				44459C9A2AC1648400630E4F /* Resources */,
			);
			buildRules = (
			);
			dependencies = (
				44459C9E2AC1648400630E4F /* PBXTargetDependency */,
			);
			name = ViewControllerUITests;
			productName = ViewControllerUITests;
			productReference = 44459C9C2AC1648400630E4F /* ViewControllerUITests.xctest */;
			productType = "com.apple.product-type.bundle.ui-testing";
		};
/* End PBXNativeTarget section */

/* Begin PBXProject section */
		44459C742AC1648200630E4F /* Project object */ = {
			isa = PBXProject;
			attributes = {
				BuildIndependentTargetsInParallel = 1;
				LastSwiftUpdateCheck = 1430;
				LastUpgradeCheck = 1430;
				TargetAttributes = {
					44459C7B2AC1648200630E4F = {
						CreatedOnToolsVersion = 14.3.1;
					};
					44459C912AC1648400630E4F = {
						CreatedOnToolsVersion = 14.3.1;
						TestTargetID = 44459C7B2AC1648200630E4F;
					};
					44459C9B2AC1648400630E4F = {
						CreatedOnToolsVersion = 14.3.1;
						TestTargetID = 44459C7B2AC1648200630E4F;
					};
				};
			};
			buildConfigurationList = 44459C772AC1648200630E4F /* Build configuration list for PBXProject "ViewController" */;
			compatibilityVersion = "Xcode 14.0";
			developmentRegion = en;
			hasScannedForEncodings = 0;
			knownRegions = (
				en,
				Base,
			);
			mainGroup = 44459C732AC1648200630E4F;
			productRefGroup = 44459C7D2AC1648200630E4F /* Products */;
			projectDirPath = "";
			projectRoot = "";
			targets = (
				44459C7B2AC1648200630E4F /* ViewController */,
				44459C912AC1648400630E4F /* ViewControllerTests */,
				44459C9B2AC1648400630E4F /* ViewControllerUITests */,
			);
		};
/* End PBXProject section */

/* Begin PBXResourcesBuildPhase section */
		44459C7A2AC1648200630E4F /* Resources */ = {
			isa = PBXResourcesBuildPhase;
			buildActionMask = 2147483647;
			files = (
				44459C8C2AC1648400630E4F /* LaunchScreen.storyboard in Resources */,
				44459C892AC1648400630E4F /* Assets.xcassets in Resources */,
				44459C872AC1648200630E4F /* Main.storyboard in Resources */,
			);
			runOnlyForDeploymentPostprocessing = 0;
		};
		44459C902AC1648400630E4F /* Resources */ = {
			isa = PBXResourcesBuildPhase;
			buildActionMask = 2147483647;
			files = (
			);
			runOnlyForDeploymentPostprocessing = 0;
		};
		44459C9A2AC1648400630E4F /* Resources */ = {
			isa = PBXResourcesBuildPhase;
			buildActionMask = 2147483647;
			files = (
			);
			runOnlyForDeploymentPostprocessing = 0;
		};
/* End PBXResourcesBuildPhase section */

/* Begin PBXSourcesBuildPhase section */
		44459C782AC1648200630E4F /* Sources */ = {
			isa = PBXSourcesBuildPhase;
			buildActionMask = 2147483647;
			files = (
				44459C842AC1648200630E4F /* ViewController.swift in Sources */,
				44459C802AC1648200630E4F /* AppDelegate.swift in Sources */,
				44459C822AC1648200630E4F /* SceneDelegate.swift in Sources */,
			);
			runOnlyForDeploymentPostprocessing = 0;
		};
		44459C8E2AC1648400630E4F /* Sources */ = {
			isa = PBXSourcesBuildPhase;
			buildActionMask = 2147483647;
			files = (
				44459C972AC1648400630E4F /* ViewControllerTests.swift in Sources */,
			);
			runOnlyForDeploymentPostprocessing = 0;
		};
		44459C982AC1648400630E4F /* Sources */ = {
			isa = PBXSourcesBuildPhase;
			buildActionMask = 2147483647;
			files = (
				44459CA12AC1648400630E4F /* ViewControllerUITests.swift in Sources */,
				44459CA32AC1648400630E4F /* ViewControllerUITestsLaunchTests.swift in Sources */,
			);
			runOnlyForDeploymentPostprocessing = 0;
		};
/* End PBXSourcesBuildPhase section */

/* Begin PBXTargetDependency section */
		44459C942AC1648400630E4F /* PBXTargetDependency */ = {
			isa = PBXTargetDependency;
			target = 44459C7B2AC1648200630E4F /* ViewController */;
			targetProxy = 44459C932AC1648400630E4F /* PBXContainerItemProxy */;
		};
		44459C9E2AC1648400630E4F /* PBXTargetDependency */ = {
			isa = PBXTargetDependency;
			target = 44459C7B2AC1648200630E4F /* ViewController */;
			targetProxy = 44459C9D2AC1648400630E4F /* PBXContainerItemProxy */;
		};
/* End PBXTargetDependency section */

/* Begin PBXVariantGroup section */
		44459C852AC1648200630E4F /* Main.storyboard */ = {
			isa = PBXVariantGroup;
			children = (
				44459C862AC1648200630E4F /* Base */,
			);
			name = Main.storyboard;
			sourceTree = "<group>";
		};
		44459C8A2AC1648400630E4F /* LaunchScreen.storyboard */ = {
			isa = PBXVariantGroup;
			children = (
				44459C8B2AC1648400630E4F /* Base */,
			);
			name = LaunchScreen.storyboard;
			sourceTree = "<group>";
		};
/* End PBXVariantGroup section */

/* Begin XCBuildConfiguration section */
		44459CA42AC1648400630E4F /* Debug */ = {
			isa = XCBuildConfiguration;
			buildSettings = {
				ALWAYS_SEARCH_USER_PATHS = NO;
				CLANG_ANALYZER_NONNULL = YES;
				CLANG_ANALYZER_NUMBER_OBJECT_CONVERSION = YES_AGGRESSIVE;
				CLANG_CXX_LANGUAGE_STANDARD = "gnu++20";
				CLANG_ENABLE_MODULES = YES;
				CLANG_ENABLE_OBJC_ARC = YES;
				CLANG_ENABLE_OBJC_WEAK = YES;
				CLANG_WARN_BLOCK_CAPTURE_AUTORELEASING = YES;
				CLANG_WARN_BOOL_CONVERSION = YES;
				CLANG_WARN_COMMA = YES;
				CLANG_WARN_CONSTANT_CONVERSION = YES;
				CLANG_WARN_DEPRECATED_OBJC_IMPLEMENTATIONS = YES;
				CLANG_WARN_DIRECT_OBJC_ISA_USAGE = YES_ERROR;
				CLANG_WARN_DOCUMENTATION_COMMENTS = YES;
				CLANG_WARN_EMPTY_BODY = YES;
				CLANG_WARN_ENUM_CONVERSION = YES;
				CLANG_WARN_INFINITE_RECURSION = YES;
				CLANG_WARN_INT_CONVERSION = YES;
				CLANG_WARN_NON_LITERAL_NULL_CONVERSION = YES;
				CLANG_WARN_OBJC_IMPLICIT_RETAIN_SELF = YES;
				CLANG_WARN_OBJC_LITERAL_CONVERSION = YES;
				CLANG_WARN_OBJC_ROOT_CLASS = YES_ERROR;
				CLANG_WARN_QUOTED_INCLUDE_IN_FRAMEWORK_HEADER = YES;
				CLANG_WARN_RANGE_LOOP_ANALYSIS = YES;
				CLANG_WARN_STRICT_PROTOTYPES = YES;
				CLANG_WARN_SUSPICIOUS_MOVE = YES;
				CLANG_WARN_UNGUARDED_AVAILABILITY = YES_AGGRESSIVE;
				CLANG_WARN_UNREACHABLE_CODE = YES;
				CLANG_WARN__DUPLICATE_METHOD_MATCH = YES;
				COPY_PHASE_STRIP = NO;
				DEBUG_INFORMATION_FORMAT = dwarf;
				ENABLE_STRICT_OBJC_MSGSEND = YES;
				ENABLE_TESTABILITY = YES;
				GCC_C_LANGUAGE_STANDARD = gnu11;
				GCC_DYNAMIC_NO_PIC = NO;
				GCC_NO_COMMON_BLOCKS = YES;
				GCC_OPTIMIZATION_LEVEL = 0;
				GCC_PREPROCESSOR_DEFINITIONS = (
					"DEBUG=1",
					"$(inherited)",
				);
				GCC_WARN_64_TO_32_BIT_CONVERSION = YES;
				GCC_WARN_ABOUT_RETURN_TYPE = YES_ERROR;
				GCC_WARN_UNDECLARED_SELECTOR = YES;
				GCC_WARN_UNINITIALIZED_AUTOS = YES_AGGRESSIVE;
				GCC_WARN_UNUSED_FUNCTION = YES;
				GCC_WARN_UNUSED_VARIABLE = YES;
				IPHONEOS_DEPLOYMENT_TARGET = 16.4;
				MTL_ENABLE_DEBUG_INFO = INCLUDE_SOURCE;
				MTL_FAST_MATH = YES;
				ONLY_ACTIVE_ARCH = YES;
				SDKROOT = iphoneos;
				SWIFT_ACTIVE_COMPILATION_CONDITIONS = DEBUG;
				SWIFT_OPTIMIZATION_LEVEL = "-Onone";
			};
			name = Debug;
		};
		44459CA52AC1648400630E4F /* Release */ = {
			isa = XCBuildConfiguration;
			buildSettings = {
				ALWAYS_SEARCH_USER_PATHS = NO;
				CLANG_ANALYZER_NONNULL = YES;
				CLANG_ANALYZER_NUMBER_OBJECT_CONVERSION = YES_AGGRESSIVE;
				CLANG_CXX_LANGUAGE_STANDARD = "gnu++20";
				CLANG_ENABLE_MODULES = YES;
				CLANG_ENABLE_OBJC_ARC = YES;
				CLANG_ENABLE_OBJC_WEAK = YES;
				CLANG_WARN_BLOCK_CAPTURE_AUTORELEASING = YES;
				CLANG_WARN_BOOL_CONVERSION = YES;
				CLANG_WARN_COMMA = YES;
				CLANG_WARN_CONSTANT_CONVERSION = YES;
				CLANG_WARN_DEPRECATED_OBJC_IMPLEMENTATIONS = YES;
				CLANG_WARN_DIRECT_OBJC_ISA_USAGE = YES_ERROR;
				CLANG_WARN_DOCUMENTATION_COMMENTS = YES;
				CLANG_WARN_EMPTY_BODY = YES;
				CLANG_WARN_ENUM_CONVERSION = YES;
				CLANG_WARN_INFINITE_RECURSION = YES;
				CLANG_WARN_INT_CONVERSION = YES;
				CLANG_WARN_NON_LITERAL_NULL_CONVERSION = YES;
				CLANG_WARN_OBJC_IMPLICIT_RETAIN_SELF = YES;
				CLANG_WARN_OBJC_LITERAL_CONVERSION = YES;
				CLANG_WARN_OBJC_ROOT_CLASS = YES_ERROR;
				CLANG_WARN_QUOTED_INCLUDE_IN_FRAMEWORK_HEADER = YES;
				CLANG_WARN_RANGE_LOOP_ANALYSIS = YES;
				CLANG_WARN_STRICT_PROTOTYPES = YES;
				CLANG_WARN_SUSPICIOUS_MOVE = YES;
				CLANG_WARN_UNGUARDED_AVAILABILITY = YES_AGGRESSIVE;
				CLANG_WARN_UNREACHABLE_CODE = YES;
				CLANG_WARN__DUPLICATE_METHOD_MATCH = YES;
				COPY_PHASE_STRIP = NO;
				DEBUG_INFORMATION_FORMAT = "dwarf-with-dsym";
				ENABLE_NS_ASSERTIONS = NO;
				ENABLE_STRICT_OBJC_MSGSEND = YES;
				GCC_C_LANGUAGE_STANDARD = gnu11;
				GCC_NO_COMMON_BLOCKS = YES;
				GCC_WARN_64_TO_32_BIT_CONVERSION = YES;
				GCC_WARN_ABOUT_RETURN_TYPE = YES_ERROR;
				GCC_WARN_UNDECLARED_SELECTOR = YES;
				GCC_WARN_UNINITIALIZED_AUTOS = YES_AGGRESSIVE;
				GCC_WARN_UNUSED_FUNCTION = YES;
				GCC_WARN_UNUSED_VARIABLE = YES;
				IPHONEOS_DEPLOYMENT_TARGET = 16.4;
				MTL_ENABLE_DEBUG_INFO = NO;
				MTL_FAST_MATH = YES;
				SDKROOT = iphoneos;
				SWIFT_COMPILATION_MODE = wholemodule;
				SWIFT_OPTIMIZATION_LEVEL = "-O";
				VALIDATE_PRODUCT = YES;
			};
			name = Release;
		};
		44459CA72AC1648400630E4F /* Debug */ = {
			isa = XCBuildConfiguration;
			buildSettings = {
				ASSETCATALOG_COMPILER_APPICON_NAME = AppIcon;
				ASSETCATALOG_COMPILER_GLOBAL_ACCENT_COLOR_NAME = AccentColor;
				CODE_SIGN_STYLE = Automatic;
				CURRENT_PROJECT_VERSION = 1;
				GENERATE_INFOPLIST_FILE = YES;
				INFOPLIST_FILE = ViewController/Info.plist;
				INFOPLIST_KEY_UIApplicationSupportsIndirectInputEvents = YES;
				INFOPLIST_KEY_UILaunchStoryboardName = LaunchScreen;
				INFOPLIST_KEY_UIMainStoryboardFile = Main;
				INFOPLIST_KEY_UISupportedInterfaceOrientations_iPad = "UIInterfaceOrientationPortrait UIInterfaceOrientationPortraitUpsideDown UIInterfaceOrientationLandscapeLeft UIInterfaceOrientationLandscapeRight";
				INFOPLIST_KEY_UISupportedInterfaceOrientations_iPhone = "UIInterfaceOrientationPortrait UIInterfaceOrientationLandscapeLeft UIInterfaceOrientationLandscapeRight";
				LD_RUNPATH_SEARCH_PATHS = (
					"$(inherited)",
					"@executable_path/Frameworks",
				);
				MARKETING_VERSION = 1.0;
				PRODUCT_BUNDLE_IDENTIFIER = heb.ViewController;
				PRODUCT_NAME = "$(TARGET_NAME)";
				SWIFT_EMIT_LOC_STRINGS = YES;
				SWIFT_VERSION = 5.0;
				TARGETED_DEVICE_FAMILY = "1,2";
			};
			name = Debug;
		};
		44459CA82AC1648400630E4F /* Release */ = {
			isa = XCBuildConfiguration;
			buildSettings = {
				ASSETCATALOG_COMPILER_APPICON_NAME = AppIcon;
				ASSETCATALOG_COMPILER_GLOBAL_ACCENT_COLOR_NAME = AccentColor;
				CODE_SIGN_STYLE = Automatic;
				CURRENT_PROJECT_VERSION = 1;
				GENERATE_INFOPLIST_FILE = YES;
				INFOPLIST_FILE = ViewController/Info.plist;
				INFOPLIST_KEY_UIApplicationSupportsIndirectInputEvents = YES;
				INFOPLIST_KEY_UILaunchStoryboardName = LaunchScreen;
				INFOPLIST_KEY_UIMainStoryboardFile = Main;
				INFOPLIST_KEY_UISupportedInterfaceOrientations_iPad = "UIInterfaceOrientationPortrait UIInterfaceOrientationPortraitUpsideDown UIInterfaceOrientationLandscapeLeft UIInterfaceOrientationLandscapeRight";
				INFOPLIST_KEY_UISupportedInterfaceOrientations_iPhone = "UIInterfaceOrientationPortrait UIInterfaceOrientationLandscapeLeft UIInterfaceOrientationLandscapeRight";
				LD_RUNPATH_SEARCH_PATHS = (
					"$(inherited)",
					"@executable_path/Frameworks",
				);
				MARKETING_VERSION = 1.0;
				PRODUCT_BUNDLE_IDENTIFIER = heb.ViewController;
				PRODUCT_NAME = "$(TARGET_NAME)";
				SWIFT_EMIT_LOC_STRINGS = YES;
				SWIFT_VERSION = 5.0;
				TARGETED_DEVICE_FAMILY = "1,2";
			};
			name = Release;
		};
		44459CAA2AC1648400630E4F /* Debug */ = {
			isa = XCBuildConfiguration;
			buildSettings = {
				ALWAYS_EMBED_SWIFT_STANDARD_LIBRARIES = YES;
				BUNDLE_LOADER = "$(TEST_HOST)";
				CODE_SIGN_STYLE = Automatic;
				CURRENT_PROJECT_VERSION = 1;
				GENERATE_INFOPLIST_FILE = YES;
				IPHONEOS_DEPLOYMENT_TARGET = 16.4;
				MARKETING_VERSION = 1.0;
				PRODUCT_BUNDLE_IDENTIFIER = heb.ViewControllerTests;
				PRODUCT_NAME = "$(TARGET_NAME)";
				SWIFT_EMIT_LOC_STRINGS = NO;
				SWIFT_VERSION = 5.0;
				TARGETED_DEVICE_FAMILY = "1,2";
				TEST_HOST = "$(BUILT_PRODUCTS_DIR)/ViewController.app/$(BUNDLE_EXECUTABLE_FOLDER_PATH)/ViewController";
			};
			name = Debug;
		};
		44459CAB2AC1648400630E4F /* Release */ = {
			isa = XCBuildConfiguration;
			buildSettings = {
				ALWAYS_EMBED_SWIFT_STANDARD_LIBRARIES = YES;
				BUNDLE_LOADER = "$(TEST_HOST)";
				CODE_SIGN_STYLE = Automatic;
				CURRENT_PROJECT_VERSION = 1;
				GENERATE_INFOPLIST_FILE = YES;
				IPHONEOS_DEPLOYMENT_TARGET = 16.4;
				MARKETING_VERSION = 1.0;
				PRODUCT_BUNDLE_IDENTIFIER = heb.ViewControllerTests;
				PRODUCT_NAME = "$(TARGET_NAME)";
				SWIFT_EMIT_LOC_STRINGS = NO;
				SWIFT_VERSION = 5.0;
				TARGETED_DEVICE_FAMILY = "1,2";
				TEST_HOST = "$(BUILT_PRODUCTS_DIR)/ViewController.app/$(BUNDLE_EXECUTABLE_FOLDER_PATH)/ViewController";
			};
			name = Release;
		};
		44459CAD2AC1648400630E4F /* Debug */ = {
			isa = XCBuildConfiguration;
			buildSettings = {
				ALWAYS_EMBED_SWIFT_STANDARD_LIBRARIES = YES;
				CODE_SIGN_STYLE = Automatic;
				CURRENT_PROJECT_VERSION = 1;
				GENERATE_INFOPLIST_FILE = YES;
				MARKETING_VERSION = 1.0;
				PRODUCT_BUNDLE_IDENTIFIER = heb.ViewControllerUITests;
				PRODUCT_NAME = "$(TARGET_NAME)";
				SWIFT_EMIT_LOC_STRINGS = NO;
				SWIFT_VERSION = 5.0;
				TARGETED_DEVICE_FAMILY = "1,2";
				TEST_TARGET_NAME = ViewController;
			};
			name = Debug;
		};
		44459CAE2AC1648400630E4F /* Release */ = {
			isa = XCBuildConfiguration;
			buildSettings = {
				ALWAYS_EMBED_SWIFT_STANDARD_LIBRARIES = YES;
				CODE_SIGN_STYLE = Automatic;
				CURRENT_PROJECT_VERSION = 1;
				GENERATE_INFOPLIST_FILE = YES;
				MARKETING_VERSION = 1.0;
				PRODUCT_BUNDLE_IDENTIFIER = heb.ViewControllerUITests;
				PRODUCT_NAME = "$(TARGET_NAME)";
				SWIFT_EMIT_LOC_STRINGS = NO;
				SWIFT_VERSION = 5.0;
				TARGETED_DEVICE_FAMILY = "1,2";
				TEST_TARGET_NAME = ViewController;
			};
			name = Release;
		};
/* End XCBuildConfiguration section */

/* Begin XCConfigurationList section */
		44459C772AC1648200630E4F /* Build configuration list for PBXProject "ViewController" */ = {
			isa = XCConfigurationList;
			buildConfigurations = (
				44459CA42AC1648400630E4F /* Debug */,
				44459CA52AC1648400630E4F /* Release */,
			);
			defaultConfigurationIsVisible = 0;
			defaultConfigurationName = Release;
		};
		44459CA62AC1648400630E4F /* Build configuration list for PBXNativeTarget "ViewController" */ = {
			isa = XCConfigurationList;
			buildConfigurations = (
				44459CA72AC1648400630E4F /* Debug */,
				44459CA82AC1648400630E4F /* Release */,
			);
			defaultConfigurationIsVisible = 0;
			defaultConfigurationName = Release;
		};
		44459CA92AC1648400630E4F /* Build configuration list for PBXNativeTarget "ViewControllerTests" */ = {
			isa = XCConfigurationList;
			buildConfigurations = (
				44459CAA2AC1648400630E4F /* Debug */,
				44459CAB2AC1648400630E4F /* Release */,
			);
			defaultConfigurationIsVisible = 0;
			defaultConfigurationName = Release;
		};
		44459CAC2AC1648400630E4F /* Build configuration list for PBXNativeTarget "ViewControllerUITests" */ = {
			isa = XCConfigurationList;
			buildConfigurations = (
				44459CAD2AC1648400630E4F /* Debug */,
				44459CAE2AC1648400630E4F /* Release */,
			);
			defaultConfigurationIsVisible = 0;
			defaultConfigurationName = Release;
		};
/* End XCConfigurationList section */
	};
	rootObject = 44459C742AC1648200630E4F /* Project object */;
}
