// !$*UTF8*$!
{
	archiveVersion = 1;
	classes = {
	};
	objectVersion = 56;
	objects = {

/* Begin PBXBuildFile section */
		444B7C5E2AD3FE6200645EFC /* AppDelegate.swift in Sources */ = {isa = PBXBuildFile; fileRef = 444B7C5D2AD3FE6200645EFC /* AppDelegate.swift */; };
		444B7C602AD3FE6200645EFC /* SceneDelegate.swift in Sources */ = {isa = PBXBuildFile; fileRef = 444B7C5F2AD3FE6200645EFC /* SceneDelegate.swift */; };
		444B7C622AD3FE6200645EFC /* ViewController.swift in Sources */ = {isa = PBXBuildFile; fileRef = 444B7C612AD3FE6200645EFC /* ViewController.swift */; };
		444B7C652AD3FE6200645EFC /* Main.storyboard in Resources */ = {isa = PBXBuildFile; fileRef = 444B7C632AD3FE6200645EFC /* Main.storyboard */; };
		444B7C672AD3FE6300645EFC /* Assets.xcassets in Resources */ = {isa = PBXBuildFile; fileRef = 444B7C662AD3FE6300645EFC /* Assets.xcassets */; };
		444B7C6A2AD3FE6300645EFC /* LaunchScreen.storyboard in Resources */ = {isa = PBXBuildFile; fileRef = 444B7C682AD3FE6300645EFC /* LaunchScreen.storyboard */; };
		444B7C752AD3FE6300645EFC /* ParsingTests.swift in Sources */ = {isa = PBXBuildFile; fileRef = 444B7C742AD3FE6300645EFC /* ParsingTests.swift */; };
		444B7C7F2AD3FE6300645EFC /* ParsingUITests.swift in Sources */ = {isa = PBXBuildFile; fileRef = 444B7C7E2AD3FE6300645EFC /* ParsingUITests.swift */; };
		444B7C812AD3FE6300645EFC /* ParsingUITestsLaunchTests.swift in Sources */ = {isa = PBXBuildFile; fileRef = 444B7C802AD3FE6300645EFC /* ParsingUITestsLaunchTests.swift */; };
		445B7F662AD6BB7200360070 /* TableViewController.swift in Sources */ = {isa = PBXBuildFile; fileRef = 445B7F652AD6BB7200360070 /* TableViewController.swift */; };
		44E3E0842AD512620098499E /* DataService.swift in Sources */ = {isa = PBXBuildFile; fileRef = 44E3E0832AD512620098499E /* DataService.swift */; };
		44E3E0862AD517820098499E /* User.swift in Sources */ = {isa = PBXBuildFile; fileRef = 44E3E0852AD517820098499E /* User.swift */; };
		44E4E9E72AD4592A00B39E4A /* Cell.swift in Sources */ = {isa = PBXBuildFile; fileRef = 44E4E9E62AD4592A00B39E4A /* Cell.swift */; };
		44F11D242ADE547000C70397 /* ViewController1.swift in Sources */ = {isa = PBXBuildFile; fileRef = 44F11D232ADE547000C70397 /* ViewController1.swift */; };
/* End PBXBuildFile section */

/* Begin PBXContainerItemProxy section */
		444B7C712AD3FE6300645EFC /* PBXContainerItemProxy */ = {
			isa = PBXContainerItemProxy;
			containerPortal = 444B7C522AD3FE6200645EFC /* Project object */;
			proxyType = 1;
			remoteGlobalIDString = 444B7C592AD3FE6200645EFC;
			remoteInfo = Parsing;
		};
		444B7C7B2AD3FE6300645EFC /* PBXContainerItemProxy */ = {
			isa = PBXContainerItemProxy;
			containerPortal = 444B7C522AD3FE6200645EFC /* Project object */;
			proxyType = 1;
			remoteGlobalIDString = 444B7C592AD3FE6200645EFC;
			remoteInfo = Parsing;
		};
/* End PBXContainerItemProxy section */

/* Begin PBXFileReference section */
		444B7C5A2AD3FE6200645EFC /* Parsing.app */ = {isa = PBXFileReference; explicitFileType = wrapper.application; includeInIndex = 0; path = Parsing.app; sourceTree = BUILT_PRODUCTS_DIR; };
		444B7C5D2AD3FE6200645EFC /* AppDelegate.swift */ = {isa = PBXFileReference; lastKnownFileType = sourcecode.swift; path = AppDelegate.swift; sourceTree = "<group>"; };
		444B7C5F2AD3FE6200645EFC /* SceneDelegate.swift */ = {isa = PBXFileReference; lastKnownFileType = sourcecode.swift; path = SceneDelegate.swift; sourceTree = "<group>"; };
		444B7C612AD3FE6200645EFC /* ViewController.swift */ = {isa = PBXFileReference; lastKnownFileType = sourcecode.swift; path = ViewController.swift; sourceTree = "<group>"; };
		444B7C642AD3FE6200645EFC /* Base */ = {isa = PBXFileReference; lastKnownFileType = file.storyboard; name = Base; path = Base.lproj/Main.storyboard; sourceTree = "<group>"; };
		444B7C662AD3FE6300645EFC /* Assets.xcassets */ = {isa = PBXFileReference; lastKnownFileType = folder.assetcatalog; path = Assets.xcassets; sourceTree = "<group>"; };
		444B7C692AD3FE6300645EFC /* Base */ = {isa = PBXFileReference; lastKnownFileType = file.storyboard; name = Base; path = Base.lproj/LaunchScreen.storyboard; sourceTree = "<group>"; };
		444B7C6B2AD3FE6300645EFC /* Info.plist */ = {isa = PBXFileReference; lastKnownFileType = text.plist.xml; path = Info.plist; sourceTree = "<group>"; };
		444B7C702AD3FE6300645EFC /* ParsingTests.xctest */ = {isa = PBXFileReference; explicitFileType = wrapper.cfbundle; includeInIndex = 0; path = ParsingTests.xctest; sourceTree = BUILT_PRODUCTS_DIR; };
		444B7C742AD3FE6300645EFC /* ParsingTests.swift */ = {isa = PBXFileReference; lastKnownFileType = sourcecode.swift; path = ParsingTests.swift; sourceTree = "<group>"; };
		444B7C7A2AD3FE6300645EFC /* ParsingUITests.xctest */ = {isa = PBXFileReference; explicitFileType = wrapper.cfbundle; includeInIndex = 0; path = ParsingUITests.xctest; sourceTree = BUILT_PRODUCTS_DIR; };
		444B7C7E2AD3FE6300645EFC /* ParsingUITests.swift */ = {isa = PBXFileReference; lastKnownFileType = sourcecode.swift; path = ParsingUITests.swift; sourceTree = "<group>"; };
		444B7C802AD3FE6300645EFC /* ParsingUITestsLaunchTests.swift */ = {isa = PBXFileReference; lastKnownFileType = sourcecode.swift; path = ParsingUITestsLaunchTests.swift; sourceTree = "<group>"; };
		445B7F652AD6BB7200360070 /* TableViewController.swift */ = {isa = PBXFileReference; lastKnownFileType = sourcecode.swift; path = TableViewController.swift; sourceTree = "<group>"; };
		44E3E0832AD512620098499E /* DataService.swift */ = {isa = PBXFileReference; lastKnownFileType = sourcecode.swift; path = DataService.swift; sourceTree = "<group>"; };
		44E3E0852AD517820098499E /* User.swift */ = {isa = PBXFileReference; lastKnownFileType = sourcecode.swift; path = User.swift; sourceTree = "<group>"; };
		44E4E9E62AD4592A00B39E4A /* Cell.swift */ = {isa = PBXFileReference; lastKnownFileType = sourcecode.swift; path = Cell.swift; sourceTree = "<group>"; };
		44F11D232ADE547000C70397 /* ViewController1.swift */ = {isa = PBXFileReference; lastKnownFileType = sourcecode.swift; path = ViewController1.swift; sourceTree = "<group>"; };
/* End PBXFileReference section */

/* Begin PBXFrameworksBuildPhase section */
		444B7C572AD3FE6200645EFC /* Frameworks */ = {
			isa = PBXFrameworksBuildPhase;
			buildActionMask = 2147483647;
			files = (
			);
			runOnlyForDeploymentPostprocessing = 0;
		};
		444B7C6D2AD3FE6300645EFC /* Frameworks */ = {
			isa = PBXFrameworksBuildPhase;
			buildActionMask = 2147483647;
			files = (
			);
			runOnlyForDeploymentPostprocessing = 0;
		};
		444B7C772AD3FE6300645EFC /* Frameworks */ = {
			isa = PBXFrameworksBuildPhase;
			buildActionMask = 2147483647;
			files = (
			);
			runOnlyForDeploymentPostprocessing = 0;
		};
/* End PBXFrameworksBuildPhase section */

/* Begin PBXGroup section */
		444B7C512AD3FE6200645EFC = {
			isa = PBXGroup;
			children = (
				444B7C5C2AD3FE6200645EFC /* Parsing */,
				444B7C732AD3FE6300645EFC /* ParsingTests */,
				444B7C7D2AD3FE6300645EFC /* ParsingUITests */,
				444B7C5B2AD3FE6200645EFC /* Products */,
			);
			sourceTree = "<group>";
		};
		444B7C5B2AD3FE6200645EFC /* Products */ = {
			isa = PBXGroup;
			children = (
				444B7C5A2AD3FE6200645EFC /* Parsing.app */,
				444B7C702AD3FE6300645EFC /* ParsingTests.xctest */,
				444B7C7A2AD3FE6300645EFC /* ParsingUITests.xctest */,
			);
			name = Products;
			sourceTree = "<group>";
		};
		444B7C5C2AD3FE6200645EFC /* Parsing */ = {
			isa = PBXGroup;
			children = (
				44E3E0822AD512500098499E /* model */,
				444B7C5D2AD3FE6200645EFC /* AppDelegate.swift */,
				444B7C5F2AD3FE6200645EFC /* SceneDelegate.swift */,
				444B7C612AD3FE6200645EFC /* ViewController.swift */,
				44E4E9E62AD4592A00B39E4A /* Cell.swift */,
				444B7C632AD3FE6200645EFC /* Main.storyboard */,
				44F11D232ADE547000C70397 /* ViewController1.swift */,
				445B7F652AD6BB7200360070 /* TableViewController.swift */,
				444B7C662AD3FE6300645EFC /* Assets.xcassets */,
				444B7C682AD3FE6300645EFC /* LaunchScreen.storyboard */,
				444B7C6B2AD3FE6300645EFC /* Info.plist */,
			);
			path = Parsing;
			sourceTree = "<group>";
		};
		444B7C732AD3FE6300645EFC /* ParsingTests */ = {
			isa = PBXGroup;
			children = (
				444B7C742AD3FE6300645EFC /* ParsingTests.swift */,
			);
			path = ParsingTests;
			sourceTree = "<group>";
		};
		444B7C7D2AD3FE6300645EFC /* ParsingUITests */ = {
			isa = PBXGroup;
			children = (
				444B7C7E2AD3FE6300645EFC /* ParsingUITests.swift */,
				444B7C802AD3FE6300645EFC /* ParsingUITestsLaunchTests.swift */,
			);
			path = ParsingUITests;
			sourceTree = "<group>";
		};
		44E3E0822AD512500098499E /* model */ = {
			isa = PBXGroup;
			children = (
				44E3E0832AD512620098499E /* DataService.swift */,
				44E3E0852AD517820098499E /* User.swift */,
			);
			path = model;
			sourceTree = "<group>";
		};
/* End PBXGroup section */

/* Begin PBXNativeTarget section */
		444B7C592AD3FE6200645EFC /* Parsing */ = {
			isa = PBXNativeTarget;
			buildConfigurationList = 444B7C842AD3FE6300645EFC /* Build configuration list for PBXNativeTarget "Parsing" */;
			buildPhases = (
				444B7C562AD3FE6200645EFC /* Sources */,
				444B7C572AD3FE6200645EFC /* Frameworks */,
				444B7C582AD3FE6200645EFC /* Resources */,
			);
			buildRules = (
			);
			dependencies = (
			);
			name = Parsing;
			productName = Parsing;
			productReference = 444B7C5A2AD3FE6200645EFC /* Parsing.app */;
			productType = "com.apple.product-type.application";
		};
		444B7C6F2AD3FE6300645EFC /* ParsingTests */ = {
			isa = PBXNativeTarget;
			buildConfigurationList = 444B7C872AD3FE6300645EFC /* Build configuration list for PBXNativeTarget "ParsingTests" */;
			buildPhases = (
				444B7C6C2AD3FE6300645EFC /* Sources */,
				444B7C6D2AD3FE6300645EFC /* Frameworks */,
				444B7C6E2AD3FE6300645EFC /* Resources */,
			);
			buildRules = (
			);
			dependencies = (
				444B7C722AD3FE6300645EFC /* PBXTargetDependency */,
			);
			name = ParsingTests;
			productName = ParsingTests;
			productReference = 444B7C702AD3FE6300645EFC /* ParsingTests.xctest */;
			productType = "com.apple.product-type.bundle.unit-test";
		};
		444B7C792AD3FE6300645EFC /* ParsingUITests */ = {
			isa = PBXNativeTarget;
			buildConfigurationList = 444B7C8A2AD3FE6300645EFC /* Build configuration list for PBXNativeTarget "ParsingUITests" */;
			buildPhases = (
				444B7C762AD3FE6300645EFC /* Sources */,
				444B7C772AD3FE6300645EFC /* Frameworks */,
				444B7C782AD3FE6300645EFC /* Resources */,
			);
			buildRules = (
			);
			dependencies = (
				444B7C7C2AD3FE6300645EFC /* PBXTargetDependency */,
			);
			name = ParsingUITests;
			productName = ParsingUITests;
			productReference = 444B7C7A2AD3FE6300645EFC /* ParsingUITests.xctest */;
			productType = "com.apple.product-type.bundle.ui-testing";
		};
/* End PBXNativeTarget section */

/* Begin PBXProject section */
		444B7C522AD3FE6200645EFC /* Project object */ = {
			isa = PBXProject;
			attributes = {
				BuildIndependentTargetsInParallel = 1;
				LastSwiftUpdateCheck = 1430;
				LastUpgradeCheck = 1430;
				TargetAttributes = {
					444B7C592AD3FE6200645EFC = {
						CreatedOnToolsVersion = 14.3.1;
					};
					444B7C6F2AD3FE6300645EFC = {
						CreatedOnToolsVersion = 14.3.1;
						TestTargetID = 444B7C592AD3FE6200645EFC;
					};
					444B7C792AD3FE6300645EFC = {
						CreatedOnToolsVersion = 14.3.1;
						TestTargetID = 444B7C592AD3FE6200645EFC;
					};
				};
			};
			buildConfigurationList = 444B7C552AD3FE6200645EFC /* Build configuration list for PBXProject "Parsing" */;
			compatibilityVersion = "Xcode 14.0";
			developmentRegion = en;
			hasScannedForEncodings = 0;
			knownRegions = (
				en,
				Base,
			);
			mainGroup = 444B7C512AD3FE6200645EFC;
			productRefGroup = 444B7C5B2AD3FE6200645EFC /* Products */;
			projectDirPath = "";
			projectRoot = "";
			targets = (
				444B7C592AD3FE6200645EFC /* Parsing */,
				444B7C6F2AD3FE6300645EFC /* ParsingTests */,
				444B7C792AD3FE6300645EFC /* ParsingUITests */,
			);
		};
/* End PBXProject section */

/* Begin PBXResourcesBuildPhase section */
		444B7C582AD3FE6200645EFC /* Resources */ = {
			isa = PBXResourcesBuildPhase;
			buildActionMask = 2147483647;
			files = (
				444B7C6A2AD3FE6300645EFC /* LaunchScreen.storyboard in Resources */,
				444B7C672AD3FE6300645EFC /* Assets.xcassets in Resources */,
				444B7C652AD3FE6200645EFC /* Main.storyboard in Resources */,
			);
			runOnlyForDeploymentPostprocessing = 0;
		};
		444B7C6E2AD3FE6300645EFC /* Resources */ = {
			isa = PBXResourcesBuildPhase;
			buildActionMask = 2147483647;
			files = (
			);
			runOnlyForDeploymentPostprocessing = 0;
		};
		444B7C782AD3FE6300645EFC /* Resources */ = {
			isa = PBXResourcesBuildPhase;
			buildActionMask = 2147483647;
			files = (
			);
			runOnlyForDeploymentPostprocessing = 0;
		};
/* End PBXResourcesBuildPhase section */

/* Begin PBXSourcesBuildPhase section */
		444B7C562AD3FE6200645EFC /* Sources */ = {
			isa = PBXSourcesBuildPhase;
			buildActionMask = 2147483647;
			files = (
				44F11D242ADE547000C70397 /* ViewController1.swift in Sources */,
				444B7C622AD3FE6200645EFC /* ViewController.swift in Sources */,
				445B7F662AD6BB7200360070 /* TableViewController.swift in Sources */,
				44E3E0842AD512620098499E /* DataService.swift in Sources */,
				444B7C5E2AD3FE6200645EFC /* AppDelegate.swift in Sources */,
				44E4E9E72AD4592A00B39E4A /* Cell.swift in Sources */,
				444B7C602AD3FE6200645EFC /* SceneDelegate.swift in Sources */,
				44E3E0862AD517820098499E /* User.swift in Sources */,
			);
			runOnlyForDeploymentPostprocessing = 0;
		};
		444B7C6C2AD3FE6300645EFC /* Sources */ = {
			isa = PBXSourcesBuildPhase;
			buildActionMask = 2147483647;
			files = (
				444B7C752AD3FE6300645EFC /* ParsingTests.swift in Sources */,
			);
			runOnlyForDeploymentPostprocessing = 0;
		};
		444B7C762AD3FE6300645EFC /* Sources */ = {
			isa = PBXSourcesBuildPhase;
			buildActionMask = 2147483647;
			files = (
				444B7C7F2AD3FE6300645EFC /* ParsingUITests.swift in Sources */,
				444B7C812AD3FE6300645EFC /* ParsingUITestsLaunchTests.swift in Sources */,
			);
			runOnlyForDeploymentPostprocessing = 0;
		};
/* End PBXSourcesBuildPhase section */

/* Begin PBXTargetDependency section */
		444B7C722AD3FE6300645EFC /* PBXTargetDependency */ = {
			isa = PBXTargetDependency;
			target = 444B7C592AD3FE6200645EFC /* Parsing */;
			targetProxy = 444B7C712AD3FE6300645EFC /* PBXContainerItemProxy */;
		};
		444B7C7C2AD3FE6300645EFC /* PBXTargetDependency */ = {
			isa = PBXTargetDependency;
			target = 444B7C592AD3FE6200645EFC /* Parsing */;
			targetProxy = 444B7C7B2AD3FE6300645EFC /* PBXContainerItemProxy */;
		};
/* End PBXTargetDependency section */

/* Begin PBXVariantGroup section */
		444B7C632AD3FE6200645EFC /* Main.storyboard */ = {
			isa = PBXVariantGroup;
			children = (
				444B7C642AD3FE6200645EFC /* Base */,
			);
			name = Main.storyboard;
			sourceTree = "<group>";
		};
		444B7C682AD3FE6300645EFC /* LaunchScreen.storyboard */ = {
			isa = PBXVariantGroup;
			children = (
				444B7C692AD3FE6300645EFC /* Base */,
			);
			name = LaunchScreen.storyboard;
			sourceTree = "<group>";
		};
/* End PBXVariantGroup section */

/* Begin XCBuildConfiguration section */
		444B7C822AD3FE6300645EFC /* Debug */ = {
			isa = XCBuildConfiguration;
			buildSettings = {
				ALWAYS_SEARCH_USER_PATHS = NO;
				CLANG_ANALYZER_NONNULL = YES;
				CLANG_ANALYZER_NUMBER_OBJECT_CONVERSION = YES_AGGRESSIVE;
				CLANG_CXX_LANGUAGE_STANDARD = "gnu++20";
				CLANG_ENABLE_MODULES = YES;
				CLANG_ENABLE_OBJC_ARC = YES;
				CLANG_ENABLE_OBJC_WEAK = YES;
				CLANG_WARN_BLOCK_CAPTURE_AUTORELEASING = YES;
				CLANG_WARN_BOOL_CONVERSION = YES;
				CLANG_WARN_COMMA = YES;
				CLANG_WARN_CONSTANT_CONVERSION = YES;
				CLANG_WARN_DEPRECATED_OBJC_IMPLEMENTATIONS = YES;
				CLANG_WARN_DIRECT_OBJC_ISA_USAGE = YES_ERROR;
				CLANG_WARN_DOCUMENTATION_COMMENTS = YES;
				CLANG_WARN_EMPTY_BODY = YES;
				CLANG_WARN_ENUM_CONVERSION = YES;
				CLANG_WARN_INFINITE_RECURSION = YES;
				CLANG_WARN_INT_CONVERSION = YES;
				CLANG_WARN_NON_LITERAL_NULL_CONVERSION = YES;
				CLANG_WARN_OBJC_IMPLICIT_RETAIN_SELF = YES;
				CLANG_WARN_OBJC_LITERAL_CONVERSION = YES;
				CLANG_WARN_OBJC_ROOT_CLASS = YES_ERROR;
				CLANG_WARN_QUOTED_INCLUDE_IN_FRAMEWORK_HEADER = YES;
				CLANG_WARN_RANGE_LOOP_ANALYSIS = YES;
				CLANG_WARN_STRICT_PROTOTYPES = YES;
				CLANG_WARN_SUSPICIOUS_MOVE = YES;
				CLANG_WARN_UNGUARDED_AVAILABILITY = YES_AGGRESSIVE;
				CLANG_WARN_UNREACHABLE_CODE = YES;
				CLANG_WARN__DUPLICATE_METHOD_MATCH = YES;
				COPY_PHASE_STRIP = NO;
				DEBUG_INFORMATION_FORMAT = dwarf;
				ENABLE_STRICT_OBJC_MSGSEND = YES;
				ENABLE_TESTABILITY = YES;
				GCC_C_LANGUAGE_STANDARD = gnu11;
				GCC_DYNAMIC_NO_PIC = NO;
				GCC_NO_COMMON_BLOCKS = YES;
				GCC_OPTIMIZATION_LEVEL = 0;
				GCC_PREPROCESSOR_DEFINITIONS = (
					"DEBUG=1",
					"$(inherited)",
				);
				GCC_WARN_64_TO_32_BIT_CONVERSION = YES;
				GCC_WARN_ABOUT_RETURN_TYPE = YES_ERROR;
				GCC_WARN_UNDECLARED_SELECTOR = YES;
				GCC_WARN_UNINITIALIZED_AUTOS = YES_AGGRESSIVE;
				GCC_WARN_UNUSED_FUNCTION = YES;
				GCC_WARN_UNUSED_VARIABLE = YES;
				IPHONEOS_DEPLOYMENT_TARGET = 16.4;
				MTL_ENABLE_DEBUG_INFO = INCLUDE_SOURCE;
				MTL_FAST_MATH = YES;
				ONLY_ACTIVE_ARCH = YES;
				SDKROOT = iphoneos;
				SWIFT_ACTIVE_COMPILATION_CONDITIONS = DEBUG;
				SWIFT_OPTIMIZATION_LEVEL = "-Onone";
			};
			name = Debug;
		};
		444B7C832AD3FE6300645EFC /* Release */ = {
			isa = XCBuildConfiguration;
			buildSettings = {
				ALWAYS_SEARCH_USER_PATHS = NO;
				CLANG_ANALYZER_NONNULL = YES;
				CLANG_ANALYZER_NUMBER_OBJECT_CONVERSION = YES_AGGRESSIVE;
				CLANG_CXX_LANGUAGE_STANDARD = "gnu++20";
				CLANG_ENABLE_MODULES = YES;
				CLANG_ENABLE_OBJC_ARC = YES;
				CLANG_ENABLE_OBJC_WEAK = YES;
				CLANG_WARN_BLOCK_CAPTURE_AUTORELEASING = YES;
				CLANG_WARN_BOOL_CONVERSION = YES;
				CLANG_WARN_COMMA = YES;
				CLANG_WARN_CONSTANT_CONVERSION = YES;
				CLANG_WARN_DEPRECATED_OBJC_IMPLEMENTATIONS = YES;
				CLANG_WARN_DIRECT_OBJC_ISA_USAGE = YES_ERROR;
				CLANG_WARN_DOCUMENTATION_COMMENTS = YES;
				CLANG_WARN_EMPTY_BODY = YES;
				CLANG_WARN_ENUM_CONVERSION = YES;
				CLANG_WARN_INFINITE_RECURSION = YES;
				CLANG_WARN_INT_CONVERSION = YES;
				CLANG_WARN_NON_LITERAL_NULL_CONVERSION = YES;
				CLANG_WARN_OBJC_IMPLICIT_RETAIN_SELF = YES;
				CLANG_WARN_OBJC_LITERAL_CONVERSION = YES;
				CLANG_WARN_OBJC_ROOT_CLASS = YES_ERROR;
				CLANG_WARN_QUOTED_INCLUDE_IN_FRAMEWORK_HEADER = YES;
				CLANG_WARN_RANGE_LOOP_ANALYSIS = YES;
				CLANG_WARN_STRICT_PROTOTYPES = YES;
				CLANG_WARN_SUSPICIOUS_MOVE = YES;
				CLANG_WARN_UNGUARDED_AVAILABILITY = YES_AGGRESSIVE;
				CLANG_WARN_UNREACHABLE_CODE = YES;
				CLANG_WARN__DUPLICATE_METHOD_MATCH = YES;
				COPY_PHASE_STRIP = NO;
				DEBUG_INFORMATION_FORMAT = "dwarf-with-dsym";
				ENABLE_NS_ASSERTIONS = NO;
				ENABLE_STRICT_OBJC_MSGSEND = YES;
				GCC_C_LANGUAGE_STANDARD = gnu11;
				GCC_NO_COMMON_BLOCKS = YES;
				GCC_WARN_64_TO_32_BIT_CONVERSION = YES;
				GCC_WARN_ABOUT_RETURN_TYPE = YES_ERROR;
				GCC_WARN_UNDECLARED_SELECTOR = YES;
				GCC_WARN_UNINITIALIZED_AUTOS = YES_AGGRESSIVE;
				GCC_WARN_UNUSED_FUNCTION = YES;
				GCC_WARN_UNUSED_VARIABLE = YES;
				IPHONEOS_DEPLOYMENT_TARGET = 16.4;
				MTL_ENABLE_DEBUG_INFO = NO;
				MTL_FAST_MATH = YES;
				SDKROOT = iphoneos;
				SWIFT_COMPILATION_MODE = wholemodule;
				SWIFT_OPTIMIZATION_LEVEL = "-O";
				VALIDATE_PRODUCT = YES;
			};
			name = Release;
		};
		444B7C852AD3FE6300645EFC /* Debug */ = {
			isa = XCBuildConfiguration;
			buildSettings = {
				ASSETCATALOG_COMPILER_APPICON_NAME = AppIcon;
				ASSETCATALOG_COMPILER_GLOBAL_ACCENT_COLOR_NAME = AccentColor;
				CODE_SIGN_STYLE = Automatic;
				CURRENT_PROJECT_VERSION = 1;
				GENERATE_INFOPLIST_FILE = YES;
				INFOPLIST_FILE = Parsing/Info.plist;
				INFOPLIST_KEY_UIApplicationSupportsIndirectInputEvents = YES;
				INFOPLIST_KEY_UILaunchStoryboardName = LaunchScreen;
				INFOPLIST_KEY_UIMainStoryboardFile = Main;
				INFOPLIST_KEY_UISupportedInterfaceOrientations_iPad = "UIInterfaceOrientationPortrait UIInterfaceOrientationPortraitUpsideDown UIInterfaceOrientationLandscapeLeft UIInterfaceOrientationLandscapeRight";
				INFOPLIST_KEY_UISupportedInterfaceOrientations_iPhone = "UIInterfaceOrientationPortrait UIInterfaceOrientationLandscapeLeft UIInterfaceOrientationLandscapeRight";
				LD_RUNPATH_SEARCH_PATHS = (
					"$(inherited)",
					"@executable_path/Frameworks",
				);
				MARKETING_VERSION = 1.0;
				PRODUCT_BUNDLE_IDENTIFIER = heb.Parsing;
				PRODUCT_NAME = "$(TARGET_NAME)";
				SWIFT_EMIT_LOC_STRINGS = YES;
				SWIFT_VERSION = 5.0;
				TARGETED_DEVICE_FAMILY = "1,2";
			};
			name = Debug;
		};
		444B7C862AD3FE6300645EFC /* Release */ = {
			isa = XCBuildConfiguration;
			buildSettings = {
				ASSETCATALOG_COMPILER_APPICON_NAME = AppIcon;
				ASSETCATALOG_COMPILER_GLOBAL_ACCENT_COLOR_NAME = AccentColor;
				CODE_SIGN_STYLE = Automatic;
				CURRENT_PROJECT_VERSION = 1;
				GENERATE_INFOPLIST_FILE = YES;
				INFOPLIST_FILE = Parsing/Info.plist;
				INFOPLIST_KEY_UIApplicationSupportsIndirectInputEvents = YES;
				INFOPLIST_KEY_UILaunchStoryboardName = LaunchScreen;
				INFOPLIST_KEY_UIMainStoryboardFile = Main;
				INFOPLIST_KEY_UISupportedInterfaceOrientations_iPad = "UIInterfaceOrientationPortrait UIInterfaceOrientationPortraitUpsideDown UIInterfaceOrientationLandscapeLeft UIInterfaceOrientationLandscapeRight";
				INFOPLIST_KEY_UISupportedInterfaceOrientations_iPhone = "UIInterfaceOrientationPortrait UIInterfaceOrientationLandscapeLeft UIInterfaceOrientationLandscapeRight";
				LD_RUNPATH_SEARCH_PATHS = (
					"$(inherited)",
					"@executable_path/Frameworks",
				);
				MARKETING_VERSION = 1.0;
				PRODUCT_BUNDLE_IDENTIFIER = heb.Parsing;
				PRODUCT_NAME = "$(TARGET_NAME)";
				SWIFT_EMIT_LOC_STRINGS = YES;
				SWIFT_VERSION = 5.0;
				TARGETED_DEVICE_FAMILY = "1,2";
			};
			name = Release;
		};
		444B7C882AD3FE6300645EFC /* Debug */ = {
			isa = XCBuildConfiguration;
			buildSettings = {
				ALWAYS_EMBED_SWIFT_STANDARD_LIBRARIES = YES;
				BUNDLE_LOADER = "$(TEST_HOST)";
				CODE_SIGN_STYLE = Automatic;
				CURRENT_PROJECT_VERSION = 1;
				GENERATE_INFOPLIST_FILE = YES;
				IPHONEOS_DEPLOYMENT_TARGET = 16.4;
				MARKETING_VERSION = 1.0;
				PRODUCT_BUNDLE_IDENTIFIER = heb.ParsingTests;
				PRODUCT_NAME = "$(TARGET_NAME)";
				SWIFT_EMIT_LOC_STRINGS = NO;
				SWIFT_VERSION = 5.0;
				TARGETED_DEVICE_FAMILY = "1,2";
				TEST_HOST = "$(BUILT_PRODUCTS_DIR)/Parsing.app/$(BUNDLE_EXECUTABLE_FOLDER_PATH)/Parsing";
			};
			name = Debug;
		};
		444B7C892AD3FE6300645EFC /* Release */ = {
			isa = XCBuildConfiguration;
			buildSettings = {
				ALWAYS_EMBED_SWIFT_STANDARD_LIBRARIES = YES;
				BUNDLE_LOADER = "$(TEST_HOST)";
				CODE_SIGN_STYLE = Automatic;
				CURRENT_PROJECT_VERSION = 1;
				GENERATE_INFOPLIST_FILE = YES;
				IPHONEOS_DEPLOYMENT_TARGET = 16.4;
				MARKETING_VERSION = 1.0;
				PRODUCT_BUNDLE_IDENTIFIER = heb.ParsingTests;
				PRODUCT_NAME = "$(TARGET_NAME)";
				SWIFT_EMIT_LOC_STRINGS = NO;
				SWIFT_VERSION = 5.0;
				TARGETED_DEVICE_FAMILY = "1,2";
				TEST_HOST = "$(BUILT_PRODUCTS_DIR)/Parsing.app/$(BUNDLE_EXECUTABLE_FOLDER_PATH)/Parsing";
			};
			name = Release;
		};
		444B7C8B2AD3FE6300645EFC /* Debug */ = {
			isa = XCBuildConfiguration;
			buildSettings = {
				ALWAYS_EMBED_SWIFT_STANDARD_LIBRARIES = YES;
				CODE_SIGN_STYLE = Automatic;
				CURRENT_PROJECT_VERSION = 1;
				GENERATE_INFOPLIST_FILE = YES;
				MARKETING_VERSION = 1.0;
				PRODUCT_BUNDLE_IDENTIFIER = heb.ParsingUITests;
				PRODUCT_NAME = "$(TARGET_NAME)";
				SWIFT_EMIT_LOC_STRINGS = NO;
				SWIFT_VERSION = 5.0;
				TARGETED_DEVICE_FAMILY = "1,2";
				TEST_TARGET_NAME = Parsing;
			};
			name = Debug;
		};
		444B7C8C2AD3FE6300645EFC /* Release */ = {
			isa = XCBuildConfiguration;
			buildSettings = {
				ALWAYS_EMBED_SWIFT_STANDARD_LIBRARIES = YES;
				CODE_SIGN_STYLE = Automatic;
				CURRENT_PROJECT_VERSION = 1;
				GENERATE_INFOPLIST_FILE = YES;
				MARKETING_VERSION = 1.0;
				PRODUCT_BUNDLE_IDENTIFIER = heb.ParsingUITests;
				PRODUCT_NAME = "$(TARGET_NAME)";
				SWIFT_EMIT_LOC_STRINGS = NO;
				SWIFT_VERSION = 5.0;
				TARGETED_DEVICE_FAMILY = "1,2";
				TEST_TARGET_NAME = Parsing;
			};
			name = Release;
		};
/* End XCBuildConfiguration section */

/* Begin XCConfigurationList section */
		444B7C552AD3FE6200645EFC /* Build configuration list for PBXProject "Parsing" */ = {
			isa = XCConfigurationList;
			buildConfigurations = (
				444B7C822AD3FE6300645EFC /* Debug */,
				444B7C832AD3FE6300645EFC /* Release */,
			);
			defaultConfigurationIsVisible = 0;
			defaultConfigurationName = Release;
		};
		444B7C842AD3FE6300645EFC /* Build configuration list for PBXNativeTarget "Parsing" */ = {
			isa = XCConfigurationList;
			buildConfigurations = (
				444B7C852AD3FE6300645EFC /* Debug */,
				444B7C862AD3FE6300645EFC /* Release */,
			);
			defaultConfigurationIsVisible = 0;
			defaultConfigurationName = Release;
		};
		444B7C872AD3FE6300645EFC /* Build configuration list for PBXNativeTarget "ParsingTests" */ = {
			isa = XCConfigurationList;
			buildConfigurations = (
				444B7C882AD3FE6300645EFC /* Debug */,
				444B7C892AD3FE6300645EFC /* Release */,
			);
			defaultConfigurationIsVisible = 0;
			defaultConfigurationName = Release;
		};
		444B7C8A2AD3FE6300645EFC /* Build configuration list for PBXNativeTarget "ParsingUITests" */ = {
			isa = XCConfigurationList;
			buildConfigurations = (
				444B7C8B2AD3FE6300645EFC /* Debug */,
				444B7C8C2AD3FE6300645EFC /* Release */,
			);
			defaultConfigurationIsVisible = 0;
			defaultConfigurationName = Release;
		};
/* End XCConfigurationList section */
	};
	rootObject = 444B7C522AD3FE6200645EFC /* Project object */;
}
