// !$*UTF8*$!
{
	archiveVersion = 1;
	classes = {
	};
	objectVersion = 56;
	objects = {

/* Begin PBXBuildFile section */
		44459C722AC1454000630E4F /* Reminder.swift in Sources */ = {isa = PBXBuildFile; fileRef = 44459C712AC1454000630E4F /* Reminder.swift */; };
		44C899D52ABD608D00810999 /* AppDelegate.swift in Sources */ = {isa = PBXBuildFile; fileRef = 44C899D42ABD608D00810999 /* AppDelegate.swift */; };
		44C899D72ABD608D00810999 /* SceneDelegate.swift in Sources */ = {isa = PBXBuildFile; fileRef = 44C899D62ABD608D00810999 /* SceneDelegate.swift */; };
		44C899D92ABD608D00810999 /* ReminderListViewController.swift in Sources */ = {isa = PBXBuildFile; fileRef = 44C899D82ABD608D00810999 /* ReminderListViewController.swift */; };
		44C899DC2ABD608D00810999 /* Main.storyboard in Resources */ = {isa = PBXBuildFile; fileRef = 44C899DA2ABD608D00810999 /* Main.storyboard */; };
		44C899DE2ABD609000810999 /* Assets.xcassets in Resources */ = {isa = PBXBuildFile; fileRef = 44C899DD2ABD609000810999 /* Assets.xcassets */; };
		44C899E12ABD609000810999 /* LaunchScreen.storyboard in Resources */ = {isa = PBXBuildFile; fileRef = 44C899DF2ABD609000810999 /* LaunchScreen.storyboard */; };
		44C899EC2ABD609000810999 /* TodayTests.swift in Sources */ = {isa = PBXBuildFile; fileRef = 44C899EB2ABD609000810999 /* TodayTests.swift */; };
		44C899F62ABD609000810999 /* TodayUITests.swift in Sources */ = {isa = PBXBuildFile; fileRef = 44C899F52ABD609000810999 /* TodayUITests.swift */; };
		44C899F82ABD609000810999 /* TodayUITestsLaunchTests.swift in Sources */ = {isa = PBXBuildFile; fileRef = 44C899F72ABD609000810999 /* TodayUITestsLaunchTests.swift */; };
		44E8BD612ACBEF8400B40E21 /* Cell.swift in Sources */ = {isa = PBXBuildFile; fileRef = 44E8BD602ACBEF8400B40E21 /* Cell.swift */; };
		44E8BD652ACBF0ED00B40E21 /* TableViewController.swift in Sources */ = {isa = PBXBuildFile; fileRef = 44E8BD642ACBF0ED00B40E21 /* TableViewController.swift */; };
/* End PBXBuildFile section */

/* Begin PBXContainerItemProxy section */
		44C899E82ABD609000810999 /* PBXContainerItemProxy */ = {
			isa = PBXContainerItemProxy;
			containerPortal = 44C899C92ABD608D00810999 /* Project object */;
			proxyType = 1;
			remoteGlobalIDString = 44C899D02ABD608D00810999;
			remoteInfo = Today;
		};
		44C899F22ABD609000810999 /* PBXContainerItemProxy */ = {
			isa = PBXContainerItemProxy;
			containerPortal = 44C899C92ABD608D00810999 /* Project object */;
			proxyType = 1;
			remoteGlobalIDString = 44C899D02ABD608D00810999;
			remoteInfo = Today;
		};
/* End PBXContainerItemProxy section */

/* Begin PBXFileReference section */
		44459C712AC1454000630E4F /* Reminder.swift */ = {isa = PBXFileReference; lastKnownFileType = sourcecode.swift; path = Reminder.swift; sourceTree = "<group>"; };
		44C899D12ABD608D00810999 /* Today.app */ = {isa = PBXFileReference; explicitFileType = wrapper.application; includeInIndex = 0; path = Today.app; sourceTree = BUILT_PRODUCTS_DIR; };
		44C899D42ABD608D00810999 /* AppDelegate.swift */ = {isa = PBXFileReference; lastKnownFileType = sourcecode.swift; path = AppDelegate.swift; sourceTree = "<group>"; };
		44C899D62ABD608D00810999 /* SceneDelegate.swift */ = {isa = PBXFileReference; lastKnownFileType = sourcecode.swift; path = SceneDelegate.swift; sourceTree = "<group>"; };
		44C899D82ABD608D00810999 /* ReminderListViewController.swift */ = {isa = PBXFileReference; lastKnownFileType = sourcecode.swift; path = ReminderListViewController.swift; sourceTree = "<group>"; };
		44C899DB2ABD608D00810999 /* Base */ = {isa = PBXFileReference; lastKnownFileType = file.storyboard; name = Base; path = Base.lproj/Main.storyboard; sourceTree = "<group>"; };
		44C899DD2ABD609000810999 /* Assets.xcassets */ = {isa = PBXFileReference; lastKnownFileType = folder.assetcatalog; path = Assets.xcassets; sourceTree = "<group>"; };
		44C899E02ABD609000810999 /* Base */ = {isa = PBXFileReference; lastKnownFileType = file.storyboard; name = Base; path = Base.lproj/LaunchScreen.storyboard; sourceTree = "<group>"; };
		44C899E22ABD609000810999 /* Info.plist */ = {isa = PBXFileReference; lastKnownFileType = text.plist.xml; path = Info.plist; sourceTree = "<group>"; };
		44C899E72ABD609000810999 /* TodayTests.xctest */ = {isa = PBXFileReference; explicitFileType = wrapper.cfbundle; includeInIndex = 0; path = TodayTests.xctest; sourceTree = BUILT_PRODUCTS_DIR; };
		44C899EB2ABD609000810999 /* TodayTests.swift */ = {isa = PBXFileReference; lastKnownFileType = sourcecode.swift; path = TodayTests.swift; sourceTree = "<group>"; };
		44C899F12ABD609000810999 /* TodayUITests.xctest */ = {isa = PBXFileReference; explicitFileType = wrapper.cfbundle; includeInIndex = 0; path = TodayUITests.xctest; sourceTree = BUILT_PRODUCTS_DIR; };
		44C899F52ABD609000810999 /* TodayUITests.swift */ = {isa = PBXFileReference; lastKnownFileType = sourcecode.swift; path = TodayUITests.swift; sourceTree = "<group>"; };
		44C899F72ABD609000810999 /* TodayUITestsLaunchTests.swift */ = {isa = PBXFileReference; lastKnownFileType = sourcecode.swift; path = TodayUITestsLaunchTests.swift; sourceTree = "<group>"; };
		44E8BD602ACBEF8400B40E21 /* Cell.swift */ = {isa = PBXFileReference; lastKnownFileType = sourcecode.swift; path = Cell.swift; sourceTree = "<group>"; };
		44E8BD642ACBF0ED00B40E21 /* TableViewController.swift */ = {isa = PBXFileReference; lastKnownFileType = sourcecode.swift; path = TableViewController.swift; sourceTree = "<group>"; };
/* End PBXFileReference section */

/* Begin PBXFrameworksBuildPhase section */
		44C899CE2ABD608D00810999 /* Frameworks */ = {
			isa = PBXFrameworksBuildPhase;
			buildActionMask = 2147483647;
			files = (
			);
			runOnlyForDeploymentPostprocessing = 0;
		};
		44C899E42ABD609000810999 /* Frameworks */ = {
			isa = PBXFrameworksBuildPhase;
			buildActionMask = 2147483647;
			files = (
			);
			runOnlyForDeploymentPostprocessing = 0;
		};
		44C899EE2ABD609000810999 /* Frameworks */ = {
			isa = PBXFrameworksBuildPhase;
			buildActionMask = 2147483647;
			files = (
			);
			runOnlyForDeploymentPostprocessing = 0;
		};
/* End PBXFrameworksBuildPhase section */

/* Begin PBXGroup section */
		44459C702AC144FC00630E4F /* Models */ = {
			isa = PBXGroup;
			children = (
				44459C712AC1454000630E4F /* Reminder.swift */,
			);
			path = Models;
			sourceTree = "<group>";
		};
		44C899C82ABD608D00810999 = {
			isa = PBXGroup;
			children = (
				44C899D32ABD608D00810999 /* Today */,
				44C899EA2ABD609000810999 /* TodayTests */,
				44C899F42ABD609000810999 /* TodayUITests */,
				44C899D22ABD608D00810999 /* Products */,
			);
			sourceTree = "<group>";
		};
		44C899D22ABD608D00810999 /* Products */ = {
			isa = PBXGroup;
			children = (
				44C899D12ABD608D00810999 /* Today.app */,
				44C899E72ABD609000810999 /* TodayTests.xctest */,
				44C899F12ABD609000810999 /* TodayUITests.xctest */,
			);
			name = Products;
			sourceTree = "<group>";
		};
		44C899D32ABD608D00810999 /* Today */ = {
			isa = PBXGroup;
			children = (
				44459C702AC144FC00630E4F /* Models */,
				44C899D42ABD608D00810999 /* AppDelegate.swift */,
				44C899D62ABD608D00810999 /* SceneDelegate.swift */,
				44C899D82ABD608D00810999 /* ReminderListViewController.swift */,
				44E8BD642ACBF0ED00B40E21 /* TableViewController.swift */,
				44E8BD602ACBEF8400B40E21 /* Cell.swift */,
				44C899DA2ABD608D00810999 /* Main.storyboard */,
				44C899DD2ABD609000810999 /* Assets.xcassets */,
				44C899DF2ABD609000810999 /* LaunchScreen.storyboard */,
				44C899E22ABD609000810999 /* Info.plist */,
			);
			path = Today;
			sourceTree = "<group>";
		};
		44C899EA2ABD609000810999 /* TodayTests */ = {
			isa = PBXGroup;
			children = (
				44C899EB2ABD609000810999 /* TodayTests.swift */,
			);
			path = TodayTests;
			sourceTree = "<group>";
		};
		44C899F42ABD609000810999 /* TodayUITests */ = {
			isa = PBXGroup;
			children = (
				44C899F52ABD609000810999 /* TodayUITests.swift */,
				44C899F72ABD609000810999 /* TodayUITestsLaunchTests.swift */,
			);
			path = TodayUITests;
			sourceTree = "<group>";
		};
/* End PBXGroup section */

/* Begin PBXNativeTarget section */
		44C899D02ABD608D00810999 /* Today */ = {
			isa = PBXNativeTarget;
			buildConfigurationList = 44C899FB2ABD609000810999 /* Build configuration list for PBXNativeTarget "Today" */;
			buildPhases = (
				44C899CD2ABD608D00810999 /* Sources */,
				44C899CE2ABD608D00810999 /* Frameworks */,
				44C899CF2ABD608D00810999 /* Resources */,
			);
			buildRules = (
			);
			dependencies = (
			);
			name = Today;
			productName = Today;
			productReference = 44C899D12ABD608D00810999 /* Today.app */;
			productType = "com.apple.product-type.application";
		};
		44C899E62ABD609000810999 /* TodayTests */ = {
			isa = PBXNativeTarget;
			buildConfigurationList = 44C899FE2ABD609000810999 /* Build configuration list for PBXNativeTarget "TodayTests" */;
			buildPhases = (
				44C899E32ABD609000810999 /* Sources */,
				44C899E42ABD609000810999 /* Frameworks */,
				44C899E52ABD609000810999 /* Resources */,
			);
			buildRules = (
			);
			dependencies = (
				44C899E92ABD609000810999 /* PBXTargetDependency */,
			);
			name = TodayTests;
			productName = TodayTests;
			productReference = 44C899E72ABD609000810999 /* TodayTests.xctest */;
			productType = "com.apple.product-type.bundle.unit-test";
		};
		44C899F02ABD609000810999 /* TodayUITests */ = {
			isa = PBXNativeTarget;
			buildConfigurationList = 44C89A012ABD609000810999 /* Build configuration list for PBXNativeTarget "TodayUITests" */;
			buildPhases = (
				44C899ED2ABD609000810999 /* Sources */,
				44C899EE2ABD609000810999 /* Frameworks */,
				44C899EF2ABD609000810999 /* Resources */,
			);
			buildRules = (
			);
			dependencies = (
				44C899F32ABD609000810999 /* PBXTargetDependency */,
			);
			name = TodayUITests;
			productName = TodayUITests;
			productReference = 44C899F12ABD609000810999 /* TodayUITests.xctest */;
			productType = "com.apple.product-type.bundle.ui-testing";
		};
/* End PBXNativeTarget section */

/* Begin PBXProject section */
		44C899C92ABD608D00810999 /* Project object */ = {
			isa = PBXProject;
			attributes = {
				BuildIndependentTargetsInParallel = 1;
				LastSwiftUpdateCheck = 1430;
				LastUpgradeCheck = 1430;
				TargetAttributes = {
					44C899D02ABD608D00810999 = {
						CreatedOnToolsVersion = 14.3.1;
					};
					44C899E62ABD609000810999 = {
						CreatedOnToolsVersion = 14.3.1;
						TestTargetID = 44C899D02ABD608D00810999;
					};
					44C899F02ABD609000810999 = {
						CreatedOnToolsVersion = 14.3.1;
						TestTargetID = 44C899D02ABD608D00810999;
					};
				};
			};
			buildConfigurationList = 44C899CC2ABD608D00810999 /* Build configuration list for PBXProject "Today" */;
			compatibilityVersion = "Xcode 14.0";
			developmentRegion = en;
			hasScannedForEncodings = 0;
			knownRegions = (
				en,
				Base,
			);
			mainGroup = 44C899C82ABD608D00810999;
			productRefGroup = 44C899D22ABD608D00810999 /* Products */;
			projectDirPath = "";
			projectRoot = "";
			targets = (
				44C899D02ABD608D00810999 /* Today */,
				44C899E62ABD609000810999 /* TodayTests */,
				44C899F02ABD609000810999 /* TodayUITests */,
			);
		};
/* End PBXProject section */

/* Begin PBXResourcesBuildPhase section */
		44C899CF2ABD608D00810999 /* Resources */ = {
			isa = PBXResourcesBuildPhase;
			buildActionMask = 2147483647;
			files = (
				44C899E12ABD609000810999 /* LaunchScreen.storyboard in Resources */,
				44C899DE2ABD609000810999 /* Assets.xcassets in Resources */,
				44C899DC2ABD608D00810999 /* Main.storyboard in Resources */,
			);
			runOnlyForDeploymentPostprocessing = 0;
		};
		44C899E52ABD609000810999 /* Resources */ = {
			isa = PBXResourcesBuildPhase;
			buildActionMask = 2147483647;
			files = (
			);
			runOnlyForDeploymentPostprocessing = 0;
		};
		44C899EF2ABD609000810999 /* Resources */ = {
			isa = PBXResourcesBuildPhase;
			buildActionMask = 2147483647;
			files = (
			);
			runOnlyForDeploymentPostprocessing = 0;
		};
/* End PBXResourcesBuildPhase section */

/* Begin PBXSourcesBuildPhase section */
		44C899CD2ABD608D00810999 /* Sources */ = {
			isa = PBXSourcesBuildPhase;
			buildActionMask = 2147483647;
			files = (
				44C899D92ABD608D00810999 /* ReminderListViewController.swift in Sources */,
				44E8BD652ACBF0ED00B40E21 /* TableViewController.swift in Sources */,
				44C899D52ABD608D00810999 /* AppDelegate.swift in Sources */,
				44E8BD612ACBEF8400B40E21 /* Cell.swift in Sources */,
				44C899D72ABD608D00810999 /* SceneDelegate.swift in Sources */,
				44459C722AC1454000630E4F /* Reminder.swift in Sources */,
			);
			runOnlyForDeploymentPostprocessing = 0;
		};
		44C899E32ABD609000810999 /* Sources */ = {
			isa = PBXSourcesBuildPhase;
			buildActionMask = 2147483647;
			files = (
				44C899EC2ABD609000810999 /* TodayTests.swift in Sources */,
			);
			runOnlyForDeploymentPostprocessing = 0;
		};
		44C899ED2ABD609000810999 /* Sources */ = {
			isa = PBXSourcesBuildPhase;
			buildActionMask = 2147483647;
			files = (
				44C899F82ABD609000810999 /* TodayUITestsLaunchTests.swift in Sources */,
				44C899F62ABD609000810999 /* TodayUITests.swift in Sources */,
			);
			runOnlyForDeploymentPostprocessing = 0;
		};
/* End PBXSourcesBuildPhase section */

/* Begin PBXTargetDependency section */
		44C899E92ABD609000810999 /* PBXTargetDependency */ = {
			isa = PBXTargetDependency;
			target = 44C899D02ABD608D00810999 /* Today */;
			targetProxy = 44C899E82ABD609000810999 /* PBXContainerItemProxy */;
		};
		44C899F32ABD609000810999 /* PBXTargetDependency */ = {
			isa = PBXTargetDependency;
			target = 44C899D02ABD608D00810999 /* Today */;
			targetProxy = 44C899F22ABD609000810999 /* PBXContainerItemProxy */;
		};
/* End PBXTargetDependency section */

/* Begin PBXVariantGroup section */
		44C899DA2ABD608D00810999 /* Main.storyboard */ = {
			isa = PBXVariantGroup;
			children = (
				44C899DB2ABD608D00810999 /* Base */,
			);
			name = Main.storyboard;
			sourceTree = "<group>";
		};
		44C899DF2ABD609000810999 /* LaunchScreen.storyboard */ = {
			isa = PBXVariantGroup;
			children = (
				44C899E02ABD609000810999 /* Base */,
			);
			name = LaunchScreen.storyboard;
			sourceTree = "<group>";
		};
/* End PBXVariantGroup section */

/* Begin XCBuildConfiguration section */
		44C899F92ABD609000810999 /* Debug */ = {
			isa = XCBuildConfiguration;
			buildSettings = {
				ALWAYS_SEARCH_USER_PATHS = NO;
				CLANG_ANALYZER_NONNULL = YES;
				CLANG_ANALYZER_NUMBER_OBJECT_CONVERSION = YES_AGGRESSIVE;
				CLANG_CXX_LANGUAGE_STANDARD = "gnu++20";
				CLANG_ENABLE_MODULES = YES;
				CLANG_ENABLE_OBJC_ARC = YES;
				CLANG_ENABLE_OBJC_WEAK = YES;
				CLANG_WARN_BLOCK_CAPTURE_AUTORELEASING = YES;
				CLANG_WARN_BOOL_CONVERSION = YES;
				CLANG_WARN_COMMA = YES;
				CLANG_WARN_CONSTANT_CONVERSION = YES;
				CLANG_WARN_DEPRECATED_OBJC_IMPLEMENTATIONS = YES;
				CLANG_WARN_DIRECT_OBJC_ISA_USAGE = YES_ERROR;
				CLANG_WARN_DOCUMENTATION_COMMENTS = YES;
				CLANG_WARN_EMPTY_BODY = YES;
				CLANG_WARN_ENUM_CONVERSION = YES;
				CLANG_WARN_INFINITE_RECURSION = YES;
				CLANG_WARN_INT_CONVERSION = YES;
				CLANG_WARN_NON_LITERAL_NULL_CONVERSION = YES;
				CLANG_WARN_OBJC_IMPLICIT_RETAIN_SELF = YES;
				CLANG_WARN_OBJC_LITERAL_CONVERSION = YES;
				CLANG_WARN_OBJC_ROOT_CLASS = YES_ERROR;
				CLANG_WARN_QUOTED_INCLUDE_IN_FRAMEWORK_HEADER = YES;
				CLANG_WARN_RANGE_LOOP_ANALYSIS = YES;
				CLANG_WARN_STRICT_PROTOTYPES = YES;
				CLANG_WARN_SUSPICIOUS_MOVE = YES;
				CLANG_WARN_UNGUARDED_AVAILABILITY = YES_AGGRESSIVE;
				CLANG_WARN_UNREACHABLE_CODE = YES;
				CLANG_WARN__DUPLICATE_METHOD_MATCH = YES;
				COPY_PHASE_STRIP = NO;
				DEBUG_INFORMATION_FORMAT = dwarf;
				ENABLE_STRICT_OBJC_MSGSEND = YES;
				ENABLE_TESTABILITY = YES;
				GCC_C_LANGUAGE_STANDARD = gnu11;
				GCC_DYNAMIC_NO_PIC = NO;
				GCC_NO_COMMON_BLOCKS = YES;
				GCC_OPTIMIZATION_LEVEL = 0;
				GCC_PREPROCESSOR_DEFINITIONS = (
					"DEBUG=1",
					"$(inherited)",
				);
				GCC_WARN_64_TO_32_BIT_CONVERSION = YES;
				GCC_WARN_ABOUT_RETURN_TYPE = YES_ERROR;
				GCC_WARN_UNDECLARED_SELECTOR = YES;
				GCC_WARN_UNINITIALIZED_AUTOS = YES_AGGRESSIVE;
				GCC_WARN_UNUSED_FUNCTION = YES;
				GCC_WARN_UNUSED_VARIABLE = YES;
				IPHONEOS_DEPLOYMENT_TARGET = 16.4;
				MTL_ENABLE_DEBUG_INFO = INCLUDE_SOURCE;
				MTL_FAST_MATH = YES;
				ONLY_ACTIVE_ARCH = YES;
				SDKROOT = iphoneos;
				SWIFT_ACTIVE_COMPILATION_CONDITIONS = DEBUG;
				SWIFT_OPTIMIZATION_LEVEL = "-Onone";
			};
			name = Debug;
		};
		44C899FA2ABD609000810999 /* Release */ = {
			isa = XCBuildConfiguration;
			buildSettings = {
				ALWAYS_SEARCH_USER_PATHS = NO;
				CLANG_ANALYZER_NONNULL = YES;
				CLANG_ANALYZER_NUMBER_OBJECT_CONVERSION = YES_AGGRESSIVE;
				CLANG_CXX_LANGUAGE_STANDARD = "gnu++20";
				CLANG_ENABLE_MODULES = YES;
				CLANG_ENABLE_OBJC_ARC = YES;
				CLANG_ENABLE_OBJC_WEAK = YES;
				CLANG_WARN_BLOCK_CAPTURE_AUTORELEASING = YES;
				CLANG_WARN_BOOL_CONVERSION = YES;
				CLANG_WARN_COMMA = YES;
				CLANG_WARN_CONSTANT_CONVERSION = YES;
				CLANG_WARN_DEPRECATED_OBJC_IMPLEMENTATIONS = YES;
				CLANG_WARN_DIRECT_OBJC_ISA_USAGE = YES_ERROR;
				CLANG_WARN_DOCUMENTATION_COMMENTS = YES;
				CLANG_WARN_EMPTY_BODY = YES;
				CLANG_WARN_ENUM_CONVERSION = YES;
				CLANG_WARN_INFINITE_RECURSION = YES;
				CLANG_WARN_INT_CONVERSION = YES;
				CLANG_WARN_NON_LITERAL_NULL_CONVERSION = YES;
				CLANG_WARN_OBJC_IMPLICIT_RETAIN_SELF = YES;
				CLANG_WARN_OBJC_LITERAL_CONVERSION = YES;
				CLANG_WARN_OBJC_ROOT_CLASS = YES_ERROR;
				CLANG_WARN_QUOTED_INCLUDE_IN_FRAMEWORK_HEADER = YES;
				CLANG_WARN_RANGE_LOOP_ANALYSIS = YES;
				CLANG_WARN_STRICT_PROTOTYPES = YES;
				CLANG_WARN_SUSPICIOUS_MOVE = YES;
				CLANG_WARN_UNGUARDED_AVAILABILITY = YES_AGGRESSIVE;
				CLANG_WARN_UNREACHABLE_CODE = YES;
				CLANG_WARN__DUPLICATE_METHOD_MATCH = YES;
				COPY_PHASE_STRIP = NO;
				DEBUG_INFORMATION_FORMAT = "dwarf-with-dsym";
				ENABLE_NS_ASSERTIONS = NO;
				ENABLE_STRICT_OBJC_MSGSEND = YES;
				GCC_C_LANGUAGE_STANDARD = gnu11;
				GCC_NO_COMMON_BLOCKS = YES;
				GCC_WARN_64_TO_32_BIT_CONVERSION = YES;
				GCC_WARN_ABOUT_RETURN_TYPE = YES_ERROR;
				GCC_WARN_UNDECLARED_SELECTOR = YES;
				GCC_WARN_UNINITIALIZED_AUTOS = YES_AGGRESSIVE;
				GCC_WARN_UNUSED_FUNCTION = YES;
				GCC_WARN_UNUSED_VARIABLE = YES;
				IPHONEOS_DEPLOYMENT_TARGET = 16.4;
				MTL_ENABLE_DEBUG_INFO = NO;
				MTL_FAST_MATH = YES;
				SDKROOT = iphoneos;
				SWIFT_COMPILATION_MODE = wholemodule;
				SWIFT_OPTIMIZATION_LEVEL = "-O";
				VALIDATE_PRODUCT = YES;
			};
			name = Release;
		};
		44C899FC2ABD609000810999 /* Debug */ = {
			isa = XCBuildConfiguration;
			buildSettings = {
				ASSETCATALOG_COMPILER_APPICON_NAME = AppIcon;
				ASSETCATALOG_COMPILER_GLOBAL_ACCENT_COLOR_NAME = AccentColor;
				CODE_SIGN_STYLE = Automatic;
				CURRENT_PROJECT_VERSION = 1;
				GENERATE_INFOPLIST_FILE = YES;
				INFOPLIST_FILE = Today/Info.plist;
				INFOPLIST_KEY_UIApplicationSupportsIndirectInputEvents = YES;
				INFOPLIST_KEY_UILaunchStoryboardName = LaunchScreen;
				INFOPLIST_KEY_UIMainStoryboardFile = Main;
				INFOPLIST_KEY_UISupportedInterfaceOrientations_iPad = "UIInterfaceOrientationPortrait UIInterfaceOrientationPortraitUpsideDown UIInterfaceOrientationLandscapeLeft UIInterfaceOrientationLandscapeRight";
				INFOPLIST_KEY_UISupportedInterfaceOrientations_iPhone = "UIInterfaceOrientationPortrait UIInterfaceOrientationLandscapeLeft UIInterfaceOrientationLandscapeRight";
				LD_RUNPATH_SEARCH_PATHS = (
					"$(inherited)",
					"@executable_path/Frameworks",
				);
				MARKETING_VERSION = 1.0;
				PRODUCT_BUNDLE_IDENTIFIER = heb.Today;
				PRODUCT_NAME = "$(TARGET_NAME)";
				SWIFT_EMIT_LOC_STRINGS = YES;
				SWIFT_VERSION = 5.0;
				TARGETED_DEVICE_FAMILY = "1,2";
			};
			name = Debug;
		};
		44C899FD2ABD609000810999 /* Release */ = {
			isa = XCBuildConfiguration;
			buildSettings = {
				ASSETCATALOG_COMPILER_APPICON_NAME = AppIcon;
				ASSETCATALOG_COMPILER_GLOBAL_ACCENT_COLOR_NAME = AccentColor;
				CODE_SIGN_STYLE = Automatic;
				CURRENT_PROJECT_VERSION = 1;
				GENERATE_INFOPLIST_FILE = YES;
				INFOPLIST_FILE = Today/Info.plist;
				INFOPLIST_KEY_UIApplicationSupportsIndirectInputEvents = YES;
				INFOPLIST_KEY_UILaunchStoryboardName = LaunchScreen;
				INFOPLIST_KEY_UIMainStoryboardFile = Main;
				INFOPLIST_KEY_UISupportedInterfaceOrientations_iPad = "UIInterfaceOrientationPortrait UIInterfaceOrientationPortraitUpsideDown UIInterfaceOrientationLandscapeLeft UIInterfaceOrientationLandscapeRight";
				INFOPLIST_KEY_UISupportedInterfaceOrientations_iPhone = "UIInterfaceOrientationPortrait UIInterfaceOrientationLandscapeLeft UIInterfaceOrientationLandscapeRight";
				LD_RUNPATH_SEARCH_PATHS = (
					"$(inherited)",
					"@executable_path/Frameworks",
				);
				MARKETING_VERSION = 1.0;
				PRODUCT_BUNDLE_IDENTIFIER = heb.Today;
				PRODUCT_NAME = "$(TARGET_NAME)";
				SWIFT_EMIT_LOC_STRINGS = YES;
				SWIFT_VERSION = 5.0;
				TARGETED_DEVICE_FAMILY = "1,2";
			};
			name = Release;
		};
		44C899FF2ABD609000810999 /* Debug */ = {
			isa = XCBuildConfiguration;
			buildSettings = {
				ALWAYS_EMBED_SWIFT_STANDARD_LIBRARIES = YES;
				BUNDLE_LOADER = "$(TEST_HOST)";
				CODE_SIGN_STYLE = Automatic;
				CURRENT_PROJECT_VERSION = 1;
				GENERATE_INFOPLIST_FILE = YES;
				IPHONEOS_DEPLOYMENT_TARGET = 16.4;
				MARKETING_VERSION = 1.0;
				PRODUCT_BUNDLE_IDENTIFIER = heb.TodayTests;
				PRODUCT_NAME = "$(TARGET_NAME)";
				SWIFT_EMIT_LOC_STRINGS = NO;
				SWIFT_VERSION = 5.0;
				TARGETED_DEVICE_FAMILY = "1,2";
				TEST_HOST = "$(BUILT_PRODUCTS_DIR)/Today.app/$(BUNDLE_EXECUTABLE_FOLDER_PATH)/Today";
			};
			name = Debug;
		};
		44C89A002ABD609000810999 /* Release */ = {
			isa = XCBuildConfiguration;
			buildSettings = {
				ALWAYS_EMBED_SWIFT_STANDARD_LIBRARIES = YES;
				BUNDLE_LOADER = "$(TEST_HOST)";
				CODE_SIGN_STYLE = Automatic;
				CURRENT_PROJECT_VERSION = 1;
				GENERATE_INFOPLIST_FILE = YES;
				IPHONEOS_DEPLOYMENT_TARGET = 16.4;
				MARKETING_VERSION = 1.0;
				PRODUCT_BUNDLE_IDENTIFIER = heb.TodayTests;
				PRODUCT_NAME = "$(TARGET_NAME)";
				SWIFT_EMIT_LOC_STRINGS = NO;
				SWIFT_VERSION = 5.0;
				TARGETED_DEVICE_FAMILY = "1,2";
				TEST_HOST = "$(BUILT_PRODUCTS_DIR)/Today.app/$(BUNDLE_EXECUTABLE_FOLDER_PATH)/Today";
			};
			name = Release;
		};
		44C89A022ABD609000810999 /* Debug */ = {
			isa = XCBuildConfiguration;
			buildSettings = {
				ALWAYS_EMBED_SWIFT_STANDARD_LIBRARIES = YES;
				CODE_SIGN_STYLE = Automatic;
				CURRENT_PROJECT_VERSION = 1;
				GENERATE_INFOPLIST_FILE = YES;
				MARKETING_VERSION = 1.0;
				PRODUCT_BUNDLE_IDENTIFIER = heb.TodayUITests;
				PRODUCT_NAME = "$(TARGET_NAME)";
				SWIFT_EMIT_LOC_STRINGS = NO;
				SWIFT_VERSION = 5.0;
				TARGETED_DEVICE_FAMILY = "1,2";
				TEST_TARGET_NAME = Today;
			};
			name = Debug;
		};
		44C89A032ABD609000810999 /* Release */ = {
			isa = XCBuildConfiguration;
			buildSettings = {
				ALWAYS_EMBED_SWIFT_STANDARD_LIBRARIES = YES;
				CODE_SIGN_STYLE = Automatic;
				CURRENT_PROJECT_VERSION = 1;
				GENERATE_INFOPLIST_FILE = YES;
				MARKETING_VERSION = 1.0;
				PRODUCT_BUNDLE_IDENTIFIER = heb.TodayUITests;
				PRODUCT_NAME = "$(TARGET_NAME)";
				SWIFT_EMIT_LOC_STRINGS = NO;
				SWIFT_VERSION = 5.0;
				TARGETED_DEVICE_FAMILY = "1,2";
				TEST_TARGET_NAME = Today;
			};
			name = Release;
		};
/* End XCBuildConfiguration section */

/* Begin XCConfigurationList section */
		44C899CC2ABD608D00810999 /* Build configuration list for PBXProject "Today" */ = {
			isa = XCConfigurationList;
			buildConfigurations = (
				44C899F92ABD609000810999 /* Debug */,
				44C899FA2ABD609000810999 /* Release */,
			);
			defaultConfigurationIsVisible = 0;
			defaultConfigurationName = Release;
		};
		44C899FB2ABD609000810999 /* Build configuration list for PBXNativeTarget "Today" */ = {
			isa = XCConfigurationList;
			buildConfigurations = (
				44C899FC2ABD609000810999 /* Debug */,
				44C899FD2ABD609000810999 /* Release */,
			);
			defaultConfigurationIsVisible = 0;
			defaultConfigurationName = Release;
		};
		44C899FE2ABD609000810999 /* Build configuration list for PBXNativeTarget "TodayTests" */ = {
			isa = XCConfigurationList;
			buildConfigurations = (
				44C899FF2ABD609000810999 /* Debug */,
				44C89A002ABD609000810999 /* Release */,
			);
			defaultConfigurationIsVisible = 0;
			defaultConfigurationName = Release;
		};
		44C89A012ABD609000810999 /* Build configuration list for PBXNativeTarget "TodayUITests" */ = {
			isa = XCConfigurationList;
			buildConfigurations = (
				44C89A022ABD609000810999 /* Debug */,
				44C89A032ABD609000810999 /* Release */,
			);
			defaultConfigurationIsVisible = 0;
			defaultConfigurationName = Release;
		};
/* End XCConfigurationList section */
	};
	rootObject = 44C899C92ABD608D00810999 /* Project object */;
}
